
Microsoft Visual Studio Solution File, Format Version 12.00
# Visual Studio 2013
VisualStudioVersion = 12.0.31101.0
MinimumVisualStudioVersion = 10.0.40219.1
Project("{FAE04EC0-301F-11D3-BF4B-00C04F79EFBC}") = "PcCrawler", "PcCrawler\PcCrawler.csproj", "{BCC4EF2A-554B-4B36-88D5-12F201AF0B94}"
EndProject
Global
	GlobalSection(SolutionConfigurationPlatforms) = preSolution
		Debug|Any CPU = Debug|Any CPU
		Release|Any CPU = Release|Any CPU
	EndGlobalSection
	GlobalSection(ProjectConfigurationPlatforms) = postSolution
		{BCC4EF2A-554B-4B36-88D5-12F201AF0B94}.Debug|Any CPU.ActiveCfg = Debug|Any CPU
		{BCC4EF2A-554B-4B36-88D5-12F201AF0B94}.Debug|Any CPU.Build.0 = Debug|Any CPU
		{BCC4EF2A-554B-4B36-88D5-12F201AF0B94}.Release|Any CPU.ActiveCfg = Release|Any CPU
		{BCC4EF2A-554B-4B36-88D5-12F201AF0B94}.Release|Any CPU.Build.0 = Release|Any CPU
	EndGlobalSection
	GlobalSection(SolutionProperties) = preSolution
		HideSolutionNode = FALSE
	EndGlobalSection
EndGlobal
